// !$*UTF8*$!
{
	archiveVersion = 1;
	classes = {
	};
	objectVersion = 51;
	objects = {

/* Begin PBXBuildFile section */
		4C9DC6679808E7BBF9CD5FDA /* Pods_test1_test1UITests.framework in Frameworks */ = {isa = PBXBuildFile; fileRef = 1A89134519D528C5C31814A9 /* Pods_test1_test1UITests.framework */; };
		944A1A2F26D230BE004E3B82 /* AppDelegate.swift in Sources */ = {isa = PBXBuildFile; fileRef = 944A1A2E26D230BE004E3B82 /* AppDelegate.swift */; };
		944A1A3126D230BE004E3B82 /* SceneDelegate.swift in Sources */ = {isa = PBXBuildFile; fileRef = 944A1A3026D230BE004E3B82 /* SceneDelegate.swift */; };
		944A1A3326D230BE004E3B82 /* ViewController.swift in Sources */ = {isa = PBXBuildFile; fileRef = 944A1A3226D230BE004E3B82 /* ViewController.swift */; };
		944A1A3626D230BE004E3B82 /* Main.storyboard in Resources */ = {isa = PBXBuildFile; fileRef = 944A1A3426D230BE004E3B82 /* Main.storyboard */; };
		944A1A3826D230C0004E3B82 /* Assets.xcassets in Resources */ = {isa = PBXBuildFile; fileRef = 944A1A3726D230C0004E3B82 /* Assets.xcassets */; };
		944A1A3B26D230C0004E3B82 /* LaunchScreen.storyboard in Resources */ = {isa = PBXBuildFile; fileRef = 944A1A3926D230C0004E3B82 /* LaunchScreen.storyboard */; };
		944A1A4626D230C0004E3B82 /* test1Tests.swift in Sources */ = {isa = PBXBuildFile; fileRef = 944A1A4526D230C0004E3B82 /* test1Tests.swift */; };
		944A1A5126D230C0004E3B82 /* test1UITests.swift in Sources */ = {isa = PBXBuildFile; fileRef = 944A1A5026D230C0004E3B82 /* test1UITests.swift */; };
		944A1A6026D2845D004E3B82 /* ListImageTableViewCell.swift in Sources */ = {isa = PBXBuildFile; fileRef = 944A1A5F26D2845D004E3B82 /* ListImageTableViewCell.swift */; };
		944A1A6426D28828004E3B82 /* NSObject+reusableIdentifier.swift in Sources */ = {isa = PBXBuildFile; fileRef = 944A1A6326D28828004E3B82 /* NSObject+reusableIdentifier.swift */; };
		944A1A6726D28C76004E3B82 /* ListHelper.swift in Sources */ = {isa = PBXBuildFile; fileRef = 944A1A6626D28C76004E3B82 /* ListHelper.swift */; };
		944A1A6926D290A6004E3B82 /* CollectionViewController.swift in Sources */ = {isa = PBXBuildFile; fileRef = 944A1A6826D290A6004E3B82 /* CollectionViewController.swift */; };
		944A1A6B26D292D9004E3B82 /* DetailCollectionViewCell.swift in Sources */ = {isa = PBXBuildFile; fileRef = 944A1A6A26D292D9004E3B82 /* DetailCollectionViewCell.swift */; };
		F0262D0BC82E3C7597DAB3F8 /* Pods_test1.framework in Frameworks */ = {isa = PBXBuildFile; fileRef = C7550D3E66838059F4981273 /* Pods_test1.framework */; };
		F47646896129E9BBFFBF62E4 /* Pods_test1Tests.framework in Frameworks */ = {isa = PBXBuildFile; fileRef = E99AAF5AFB537ADD6806CC3F /* Pods_test1Tests.framework */; };
/* End PBXBuildFile section */

/* Begin PBXContainerItemProxy section */
		944A1A4226D230C0004E3B82 /* PBXContainerItemProxy */ = {
			isa = PBXContainerItemProxy;
			containerPortal = 944A1A2326D230BE004E3B82 /* Project object */;
			proxyType = 1;
			remoteGlobalIDString = 944A1A2A26D230BE004E3B82;
			remoteInfo = test1;
		};
		944A1A4D26D230C0004E3B82 /* PBXContainerItemProxy */ = {
			isa = PBXContainerItemProxy;
			containerPortal = 944A1A2326D230BE004E3B82 /* Project object */;
			proxyType = 1;
			remoteGlobalIDString = 944A1A2A26D230BE004E3B82;
			remoteInfo = test1;
		};
/* End PBXContainerItemProxy section */

/* Begin PBXFileReference section */
		1A89134519D528C5C31814A9 /* Pods_test1_test1UITests.framework */ = {isa = PBXFileReference; explicitFileType = wrapper.framework; includeInIndex = 0; path = Pods_test1_test1UITests.framework; sourceTree = BUILT_PRODUCTS_DIR; };
		6F1E1973DA351C267B994695 /* Pods-test1Tests.debug.xcconfig */ = {isa = PBXFileReference; includeInIndex = 1; lastKnownFileType = text.xcconfig; name = "Pods-test1Tests.debug.xcconfig"; path = "Target Support Files/Pods-test1Tests/Pods-test1Tests.debug.xcconfig"; sourceTree = "<group>"; };
		944A1A2B26D230BE004E3B82 /* test1.app */ = {isa = PBXFileReference; explicitFileType = wrapper.application; includeInIndex = 0; path = test1.app; sourceTree = BUILT_PRODUCTS_DIR; };
		944A1A2E26D230BE004E3B82 /* AppDelegate.swift */ = {isa = PBXFileReference; lastKnownFileType = sourcecode.swift; path = AppDelegate.swift; sourceTree = "<group>"; };
		944A1A3026D230BE004E3B82 /* SceneDelegate.swift */ = {isa = PBXFileReference; lastKnownFileType = sourcecode.swift; path = SceneDelegate.swift; sourceTree = "<group>"; };
		944A1A3226D230BE004E3B82 /* ViewController.swift */ = {isa = PBXFileReference; lastKnownFileType = sourcecode.swift; path = ViewController.swift; sourceTree = "<group>"; };
		944A1A3526D230BE004E3B82 /* Base */ = {isa = PBXFileReference; lastKnownFileType = file.storyboard; name = Base; path = Base.lproj/Main.storyboard; sourceTree = "<group>"; };
		944A1A3726D230C0004E3B82 /* Assets.xcassets */ = {isa = PBXFileReference; lastKnownFileType = folder.assetcatalog; path = Assets.xcassets; sourceTree = "<group>"; };
		944A1A3A26D230C0004E3B82 /* Base */ = {isa = PBXFileReference; lastKnownFileType = file.storyboard; name = Base; path = Base.lproj/LaunchScreen.storyboard; sourceTree = "<group>"; };
		944A1A3C26D230C0004E3B82 /* Info.plist */ = {isa = PBXFileReference; lastKnownFileType = text.plist.xml; path = Info.plist; sourceTree = "<group>"; };
		944A1A4126D230C0004E3B82 /* test1Tests.xctest */ = {isa = PBXFileReference; explicitFileType = wrapper.cfbundle; includeInIndex = 0; path = test1Tests.xctest; sourceTree = BUILT_PRODUCTS_DIR; };
		944A1A4526D230C0004E3B82 /* test1Tests.swift */ = {isa = PBXFileReference; lastKnownFileType = sourcecode.swift; path = test1Tests.swift; sourceTree = "<group>"; };
		944A1A4726D230C0004E3B82 /* Info.plist */ = {isa = PBXFileReference; lastKnownFileType = text.plist.xml; path = Info.plist; sourceTree = "<group>"; };
		944A1A4C26D230C0004E3B82 /* test1UITests.xctest */ = {isa = PBXFileReference; explicitFileType = wrapper.cfbundle; includeInIndex = 0; path = test1UITests.xctest; sourceTree = BUILT_PRODUCTS_DIR; };
		944A1A5026D230C0004E3B82 /* test1UITests.swift */ = {isa = PBXFileReference; lastKnownFileType = sourcecode.swift; path = test1UITests.swift; sourceTree = "<group>"; };
		944A1A5226D230C0004E3B82 /* Info.plist */ = {isa = PBXFileReference; lastKnownFileType = text.plist.xml; path = Info.plist; sourceTree = "<group>"; };
		944A1A5F26D2845D004E3B82 /* ListImageTableViewCell.swift */ = {isa = PBXFileReference; lastKnownFileType = sourcecode.swift; path = ListImageTableViewCell.swift; sourceTree = "<group>"; };
		944A1A6326D28828004E3B82 /* NSObject+reusableIdentifier.swift */ = {isa = PBXFileReference; lastKnownFileType = sourcecode.swift; path = "NSObject+reusableIdentifier.swift"; sourceTree = "<group>"; };
		944A1A6626D28C76004E3B82 /* ListHelper.swift */ = {isa = PBXFileReference; lastKnownFileType = sourcecode.swift; path = ListHelper.swift; sourceTree = "<group>"; };
		944A1A6826D290A6004E3B82 /* CollectionViewController.swift */ = {isa = PBXFileReference; lastKnownFileType = sourcecode.swift; path = CollectionViewController.swift; sourceTree = "<group>"; };
		944A1A6A26D292D9004E3B82 /* DetailCollectionViewCell.swift */ = {isa = PBXFileReference; lastKnownFileType = sourcecode.swift; path = DetailCollectionViewCell.swift; sourceTree = "<group>"; };
		B329FDD59603FC7F75FB9D91 /* Pods-test1-test1UITests.release.xcconfig */ = {isa = PBXFileReference; includeInIndex = 1; lastKnownFileType = text.xcconfig; name = "Pods-test1-test1UITests.release.xcconfig"; path = "Target Support Files/Pods-test1-test1UITests/Pods-test1-test1UITests.release.xcconfig"; sourceTree = "<group>"; };
		B5AC4693BE44508B277316A5 /* Pods-test1.release.xcconfig */ = {isa = PBXFileReference; includeInIndex = 1; lastKnownFileType = text.xcconfig; name = "Pods-test1.release.xcconfig"; path = "Target Support Files/Pods-test1/Pods-test1.release.xcconfig"; sourceTree = "<group>"; };
		C7550D3E66838059F4981273 /* Pods_test1.framework */ = {isa = PBXFileReference; explicitFileType = wrapper.framework; includeInIndex = 0; path = Pods_test1.framework; sourceTree = BUILT_PRODUCTS_DIR; };
		E99AAF5AFB537ADD6806CC3F /* Pods_test1Tests.framework */ = {isa = PBXFileReference; explicitFileType = wrapper.framework; includeInIndex = 0; path = Pods_test1Tests.framework; sourceTree = BUILT_PRODUCTS_DIR; };
		EC31AAAA0229AAD3BC9CF0D3 /* Pods-test1.debug.xcconfig */ = {isa = PBXFileReference; includeInIndex = 1; lastKnownFileType = text.xcconfig; name = "Pods-test1.debug.xcconfig"; path = "Target Support Files/Pods-test1/Pods-test1.debug.xcconfig"; sourceTree = "<group>"; };
		F724D2FB3965D495183CD672 /* Pods-test1Tests.release.xcconfig */ = {isa = PBXFileReference; includeInIndex = 1; lastKnownFileType = text.xcconfig; name = "Pods-test1Tests.release.xcconfig"; path = "Target Support Files/Pods-test1Tests/Pods-test1Tests.release.xcconfig"; sourceTree = "<group>"; };
		FC003EEE131BFDE4584D8127 /* Pods-test1-test1UITests.debug.xcconfig */ = {isa = PBXFileReference; includeInIndex = 1; lastKnownFileType = text.xcconfig; name = "Pods-test1-test1UITests.debug.xcconfig"; path = "Target Support Files/Pods-test1-test1UITests/Pods-test1-test1UITests.debug.xcconfig"; sourceTree = "<group>"; };
/* End PBXFileReference section */

/* Begin PBXFrameworksBuildPhase section */
		944A1A2826D230BE004E3B82 /* Frameworks */ = {
			isa = PBXFrameworksBuildPhase;
			buildActionMask = 2147483647;
			files = (
				F0262D0BC82E3C7597DAB3F8 /* Pods_test1.framework in Frameworks */,
			);
			runOnlyForDeploymentPostprocessing = 0;
		};
		944A1A3E26D230C0004E3B82 /* Frameworks */ = {
			isa = PBXFrameworksBuildPhase;
			buildActionMask = 2147483647;
			files = (
				F47646896129E9BBFFBF62E4 /* Pods_test1Tests.framework in Frameworks */,
			);
			runOnlyForDeploymentPostprocessing = 0;
		};
		944A1A4926D230C0004E3B82 /* Frameworks */ = {
			isa = PBXFrameworksBuildPhase;
			buildActionMask = 2147483647;
			files = (
				4C9DC6679808E7BBF9CD5FDA /* Pods_test1_test1UITests.framework in Frameworks */,
			);
			runOnlyForDeploymentPostprocessing = 0;
		};
/* End PBXFrameworksBuildPhase section */

/* Begin PBXGroup section */
		2C9C73C40B80A36E3A19BE2B /* Pods */ = {
			isa = PBXGroup;
			children = (
				EC31AAAA0229AAD3BC9CF0D3 /* Pods-test1.debug.xcconfig */,
				B5AC4693BE44508B277316A5 /* Pods-test1.release.xcconfig */,
				FC003EEE131BFDE4584D8127 /* Pods-test1-test1UITests.debug.xcconfig */,
				B329FDD59603FC7F75FB9D91 /* Pods-test1-test1UITests.release.xcconfig */,
				6F1E1973DA351C267B994695 /* Pods-test1Tests.debug.xcconfig */,
				F724D2FB3965D495183CD672 /* Pods-test1Tests.release.xcconfig */,
			);
			path = Pods;
			sourceTree = "<group>";
		};
		7337547BE1D1D847B369B7D7 /* Frameworks */ = {
			isa = PBXGroup;
			children = (
				C7550D3E66838059F4981273 /* Pods_test1.framework */,
				1A89134519D528C5C31814A9 /* Pods_test1_test1UITests.framework */,
				E99AAF5AFB537ADD6806CC3F /* Pods_test1Tests.framework */,
			);
			name = Frameworks;
			sourceTree = "<group>";
		};
		944A1A2226D230BE004E3B82 = {
			isa = PBXGroup;
			children = (
				944A1A2D26D230BE004E3B82 /* test1 */,
				944A1A4426D230C0004E3B82 /* test1Tests */,
				944A1A4F26D230C0004E3B82 /* test1UITests */,
				944A1A2C26D230BE004E3B82 /* Products */,
				2C9C73C40B80A36E3A19BE2B /* Pods */,
				7337547BE1D1D847B369B7D7 /* Frameworks */,
			);
			sourceTree = "<group>";
		};
		944A1A2C26D230BE004E3B82 /* Products */ = {
			isa = PBXGroup;
			children = (
				944A1A2B26D230BE004E3B82 /* test1.app */,
				944A1A4126D230C0004E3B82 /* test1Tests.xctest */,
				944A1A4C26D230C0004E3B82 /* test1UITests.xctest */,
			);
			name = Products;
			sourceTree = "<group>";
		};
		944A1A2D26D230BE004E3B82 /* test1 */ = {
			isa = PBXGroup;
			children = (
				944A1A6E26D33AD6004E3B82 /* SupportingFile */,
				944A1A6526D28C4D004E3B82 /* Helper */,
				944A1A6126D28810004E3B82 /* Util */,
				944A1A6F26D33AE7004E3B82 /* ViewController */,
				944A1A5E26D2843D004E3B82 /* UI */,
				944A1A3426D230BE004E3B82 /* Main.storyboard */,
				944A1A3726D230C0004E3B82 /* Assets.xcassets */,
				944A1A3926D230C0004E3B82 /* LaunchScreen.storyboard */,
				944A1A3C26D230C0004E3B82 /* Info.plist */,
			);
			path = test1;
			sourceTree = "<group>";
		};
		944A1A4426D230C0004E3B82 /* test1Tests */ = {
			isa = PBXGroup;
			children = (
				944A1A4526D230C0004E3B82 /* test1Tests.swift */,
				944A1A4726D230C0004E3B82 /* Info.plist */,
			);
			path = test1Tests;
			sourceTree = "<group>";
		};
		944A1A4F26D230C0004E3B82 /* test1UITests */ = {
			isa = PBXGroup;
			children = (
				944A1A5026D230C0004E3B82 /* test1UITests.swift */,
				944A1A5226D230C0004E3B82 /* Info.plist */,
			);
			path = test1UITests;
			sourceTree = "<group>";
		};
		944A1A5E26D2843D004E3B82 /* UI */ = {
			isa = PBXGroup;
			children = (
				944A1A5F26D2845D004E3B82 /* ListImageTableViewCell.swift */,
				944A1A6A26D292D9004E3B82 /* DetailCollectionViewCell.swift */,
			);
			path = UI;
			sourceTree = "<group>";
		};
		944A1A6126D28810004E3B82 /* Util */ = {
			isa = PBXGroup;
			children = (
				944A1A6226D28815004E3B82 /* Extension */,
			);
			path = Util;
			sourceTree = "<group>";
		};
		944A1A6226D28815004E3B82 /* Extension */ = {
			isa = PBXGroup;
			children = (
				944A1A6326D28828004E3B82 /* NSObject+reusableIdentifier.swift */,
			);
			path = Extension;
			sourceTree = "<group>";
		};
		944A1A6526D28C4D004E3B82 /* Helper */ = {
			isa = PBXGroup;
			children = (
				944A1A6626D28C76004E3B82 /* ListHelper.swift */,
			);
			path = Helper;
			sourceTree = "<group>";
		};
		944A1A6E26D33AD6004E3B82 /* SupportingFile */ = {
			isa = PBXGroup;
			children = (
				944A1A2E26D230BE004E3B82 /* AppDelegate.swift */,
				944A1A3026D230BE004E3B82 /* SceneDelegate.swift */,
			);
			path = SupportingFile;
			sourceTree = "<group>";
		};
		944A1A6F26D33AE7004E3B82 /* ViewController */ = {
			isa = PBXGroup;
			children = (
				944A1A3226D230BE004E3B82 /* ViewController.swift */,
				944A1A6826D290A6004E3B82 /* CollectionViewController.swift */,
			);
			path = ViewController;
			sourceTree = "<group>";
		};
/* End PBXGroup section */

/* Begin PBXNativeTarget section */
		944A1A2A26D230BE004E3B82 /* test1 */ = {
			isa = PBXNativeTarget;
			buildConfigurationList = 944A1A5526D230C0004E3B82 /* Build configuration list for PBXNativeTarget "test1" */;
			buildPhases = (
				D787B9EF2ACE62CC256B9F2B /* [CP] Check Pods Manifest.lock */,
				944A1A2726D230BE004E3B82 /* Sources */,
				944A1A2826D230BE004E3B82 /* Frameworks */,
				944A1A2926D230BE004E3B82 /* Resources */,
				0A963FCAB5E5815185951E41 /* [CP] Embed Pods Frameworks */,
			);
			buildRules = (
			);
			dependencies = (
			);
			name = test1;
			productName = test1;
			productReference = 944A1A2B26D230BE004E3B82 /* test1.app */;
			productType = "com.apple.product-type.application";
		};
		944A1A4026D230C0004E3B82 /* test1Tests */ = {
			isa = PBXNativeTarget;
			buildConfigurationList = 944A1A5826D230C0004E3B82 /* Build configuration list for PBXNativeTarget "test1Tests" */;
			buildPhases = (
				68BD6643DA0D2F07B4350F36 /* [CP] Check Pods Manifest.lock */,
				944A1A3D26D230C0004E3B82 /* Sources */,
				944A1A3E26D230C0004E3B82 /* Frameworks */,
				944A1A3F26D230C0004E3B82 /* Resources */,
			);
			buildRules = (
			);
			dependencies = (
				944A1A4326D230C0004E3B82 /* PBXTargetDependency */,
			);
			name = test1Tests;
			productName = test1Tests;
			productReference = 944A1A4126D230C0004E3B82 /* test1Tests.xctest */;
			productType = "com.apple.product-type.bundle.unit-test";
		};
		944A1A4B26D230C0004E3B82 /* test1UITests */ = {
			isa = PBXNativeTarget;
			buildConfigurationList = 944A1A5B26D230C0004E3B82 /* Build configuration list for PBXNativeTarget "test1UITests" */;
			buildPhases = (
				5BA3F296EA4AF39C923DE468 /* [CP] Check Pods Manifest.lock */,
				944A1A4826D230C0004E3B82 /* Sources */,
				944A1A4926D230C0004E3B82 /* Frameworks */,
				944A1A4A26D230C0004E3B82 /* Resources */,
				07AC631AB8F3C91282B0D4BA /* [CP] Embed Pods Frameworks */,
			);
			buildRules = (
			);
			dependencies = (
				944A1A4E26D230C0004E3B82 /* PBXTargetDependency */,
			);
			name = test1UITests;
			productName = test1UITests;
			productReference = 944A1A4C26D230C0004E3B82 /* test1UITests.xctest */;
			productType = "com.apple.product-type.bundle.ui-testing";
		};
/* End PBXNativeTarget section */

/* Begin PBXProject section */
		944A1A2326D230BE004E3B82 /* Project object */ = {
			isa = PBXProject;
			attributes = {
				LastSwiftUpdateCheck = 1250;
				LastUpgradeCheck = 1250;
				TargetAttributes = {
					944A1A2A26D230BE004E3B82 = {
						CreatedOnToolsVersion = 12.5.1;
					};
					944A1A4026D230C0004E3B82 = {
						CreatedOnToolsVersion = 12.5.1;
						TestTargetID = 944A1A2A26D230BE004E3B82;
					};
					944A1A4B26D230C0004E3B82 = {
						CreatedOnToolsVersion = 12.5.1;
						TestTargetID = 944A1A2A26D230BE004E3B82;
					};
				};
			};
			buildConfigurationList = 944A1A2626D230BE004E3B82 /* Build configuration list for PBXProject "test1" */;
			compatibilityVersion = "Xcode 9.3";
			developmentRegion = en;
			hasScannedForEncodings = 0;
			knownRegions = (
				en,
				Base,
			);
			mainGroup = 944A1A2226D230BE004E3B82;
			productRefGroup = 944A1A2C26D230BE004E3B82 /* Products */;
			projectDirPath = "";
			projectRoot = "";
			targets = (
				944A1A2A26D230BE004E3B82 /* test1 */,
				944A1A4026D230C0004E3B82 /* test1Tests */,
				944A1A4B26D230C0004E3B82 /* test1UITests */,
			);
		};
/* End PBXProject section */

/* Begin PBXResourcesBuildPhase section */
		944A1A2926D230BE004E3B82 /* Resources */ = {
			isa = PBXResourcesBuildPhase;
			buildActionMask = 2147483647;
			files = (
				944A1A3B26D230C0004E3B82 /* LaunchScreen.storyboard in Resources */,
				944A1A3826D230C0004E3B82 /* Assets.xcassets in Resources */,
				944A1A3626D230BE004E3B82 /* Main.storyboard in Resources */,
			);
			runOnlyForDeploymentPostprocessing = 0;
		};
		944A1A3F26D230C0004E3B82 /* Resources */ = {
			isa = PBXResourcesBuildPhase;
			buildActionMask = 2147483647;
			files = (
			);
			runOnlyForDeploymentPostprocessing = 0;
		};
		944A1A4A26D230C0004E3B82 /* Resources */ = {
			isa = PBXResourcesBuildPhase;
			buildActionMask = 2147483647;
			files = (
			);
			runOnlyForDeploymentPostprocessing = 0;
		};
/* End PBXResourcesBuildPhase section */

/* Begin PBXShellScriptBuildPhase section */
		07AC631AB8F3C91282B0D4BA /* [CP] Embed Pods Frameworks */ = {
			isa = PBXShellScriptBuildPhase;
			buildActionMask = 2147483647;
			files = (
			);
			inputFileListPaths = (
				"${PODS_ROOT}/Target Support Files/Pods-test1-test1UITests/Pods-test1-test1UITests-frameworks-${CONFIGURATION}-input-files.xcfilelist",
			);
			name = "[CP] Embed Pods Frameworks";
			outputFileListPaths = (
				"${PODS_ROOT}/Target Support Files/Pods-test1-test1UITests/Pods-test1-test1UITests-frameworks-${CONFIGURATION}-output-files.xcfilelist",
			);
			runOnlyForDeploymentPostprocessing = 0;
			shellPath = /bin/sh;
			shellScript = "\"${PODS_ROOT}/Target Support Files/Pods-test1-test1UITests/Pods-test1-test1UITests-frameworks.sh\"\n";
			showEnvVarsInLog = 0;
		};
		0A963FCAB5E5815185951E41 /* [CP] Embed Pods Frameworks */ = {
			isa = PBXShellScriptBuildPhase;
			buildActionMask = 2147483647;
			files = (
			);
			inputFileListPaths = (
				"${PODS_ROOT}/Target Support Files/Pods-test1/Pods-test1-frameworks-${CONFIGURATION}-input-files.xcfilelist",
			);
			name = "[CP] Embed Pods Frameworks";
			outputFileListPaths = (
				"${PODS_ROOT}/Target Support Files/Pods-test1/Pods-test1-frameworks-${CONFIGURATION}-output-files.xcfilelist",
			);
			runOnlyForDeploymentPostprocessing = 0;
			shellPath = /bin/sh;
			shellScript = "\"${PODS_ROOT}/Target Support Files/Pods-test1/Pods-test1-frameworks.sh\"\n";
			showEnvVarsInLog = 0;
		};
		5BA3F296EA4AF39C923DE468 /* [CP] Check Pods Manifest.lock */ = {
			isa = PBXShellScriptBuildPhase;
			buildActionMask = 2147483647;
			files = (
			);
			inputFileListPaths = (
			);
			inputPaths = (
				"${PODS_PODFILE_DIR_PATH}/Podfile.lock",
				"${PODS_ROOT}/Manifest.lock",
			);
			name = "[CP] Check Pods Manifest.lock";
			outputFileListPaths = (
			);
			outputPaths = (
				"$(DERIVED_FILE_DIR)/Pods-test1-test1UITests-checkManifestLockResult.txt",
			);
			runOnlyForDeploymentPostprocessing = 0;
			shellPath = /bin/sh;
			shellScript = "diff \"${PODS_PODFILE_DIR_PATH}/Podfile.lock\" \"${PODS_ROOT}/Manifest.lock\" > /dev/null\nif [ $? != 0 ] ; then\n    # print error to STDERR\n    echo \"error: The sandbox is not in sync with the Podfile.lock. Run 'pod install' or update your CocoaPods installation.\" >&2\n    exit 1\nfi\n# This output is used by Xcode 'outputs' to avoid re-running this script phase.\necho \"SUCCESS\" > \"${SCRIPT_OUTPUT_FILE_0}\"\n";
			showEnvVarsInLog = 0;
		};
		68BD6643DA0D2F07B4350F36 /* [CP] Check Pods Manifest.lock */ = {
			isa = PBXShellScriptBuildPhase;
			buildActionMask = 2147483647;
			files = (
			);
			inputFileListPaths = (
			);
			inputPaths = (
				"${PODS_PODFILE_DIR_PATH}/Podfile.lock",
				"${PODS_ROOT}/Manifest.lock",
			);
			name = "[CP] Check Pods Manifest.lock";
			outputFileListPaths = (
			);
			outputPaths = (
				"$(DERIVED_FILE_DIR)/Pods-test1Tests-checkManifestLockResult.txt",
			);
			runOnlyForDeploymentPostprocessing = 0;
			shellPath = /bin/sh;
			shellScript = "diff \"${PODS_PODFILE_DIR_PATH}/Podfile.lock\" \"${PODS_ROOT}/Manifest.lock\" > /dev/null\nif [ $? != 0 ] ; then\n    # print error to STDERR\n    echo \"error: The sandbox is not in sync with the Podfile.lock. Run 'pod install' or update your CocoaPods installation.\" >&2\n    exit 1\nfi\n# This output is used by Xcode 'outputs' to avoid re-running this script phase.\necho \"SUCCESS\" > \"${SCRIPT_OUTPUT_FILE_0}\"\n";
			showEnvVarsInLog = 0;
		};
		D787B9EF2ACE62CC256B9F2B /* [CP] Check Pods Manifest.lock */ = {
			isa = PBXShellScriptBuildPhase;
			buildActionMask = 2147483647;
			files = (
			);
			inputFileListPaths = (
			);
			inputPaths = (
				"${PODS_PODFILE_DIR_PATH}/Podfile.lock",
				"${PODS_ROOT}/Manifest.lock",
			);
			name = "[CP] Check Pods Manifest.lock";
			outputFileListPaths = (
			);
			outputPaths = (
				"$(DERIVED_FILE_DIR)/Pods-test1-checkManifestLockResult.txt",
			);
			runOnlyForDeploymentPostprocessing = 0;
			shellPath = /bin/sh;
			shellScript = "diff \"${PODS_PODFILE_DIR_PATH}/Podfile.lock\" \"${PODS_ROOT}/Manifest.lock\" > /dev/null\nif [ $? != 0 ] ; then\n    # print error to STDERR\n    echo \"error: The sandbox is not in sync with the Podfile.lock. Run 'pod install' or update your CocoaPods installation.\" >&2\n    exit 1\nfi\n# This output is used by Xcode 'outputs' to avoid re-running this script phase.\necho \"SUCCESS\" > \"${SCRIPT_OUTPUT_FILE_0}\"\n";
			showEnvVarsInLog = 0;
		};
/* End PBXShellScriptBuildPhase section */

/* Begin PBXSourcesBuildPhase section */
		944A1A2726D230BE004E3B82 /* Sources */ = {
			isa = PBXSourcesBuildPhase;
			buildActionMask = 2147483647;
			files = (
				944A1A3326D230BE004E3B82 /* ViewController.swift in Sources */,
				944A1A6726D28C76004E3B82 /* ListHelper.swift in Sources */,
				944A1A6026D2845D004E3B82 /* ListImageTableViewCell.swift in Sources */,
				944A1A6B26D292D9004E3B82 /* DetailCollectionViewCell.swift in Sources */,
				944A1A2F26D230BE004E3B82 /* AppDelegate.swift in Sources */,
				944A1A6926D290A6004E3B82 /* CollectionViewController.swift in Sources */,
				944A1A3126D230BE004E3B82 /* SceneDelegate.swift in Sources */,
				944A1A6426D28828004E3B82 /* NSObject+reusableIdentifier.swift in Sources */,
			);
			runOnlyForDeploymentPostprocessing = 0;
		};
		944A1A3D26D230C0004E3B82 /* Sources */ = {
			isa = PBXSourcesBuildPhase;
			buildActionMask = 2147483647;
			files = (
				944A1A4626D230C0004E3B82 /* test1Tests.swift in Sources */,
			);
			runOnlyForDeploymentPostprocessing = 0;
		};
		944A1A4826D230C0004E3B82 /* Sources */ = {
			isa = PBXSourcesBuildPhase;
			buildActionMask = 2147483647;
			files = (
				944A1A5126D230C0004E3B82 /* test1UITests.swift in Sources */,
			);
			runOnlyForDeploymentPostprocessing = 0;
		};
/* End PBXSourcesBuildPhase section */

/* Begin PBXTargetDependency section */
		944A1A4326D230C0004E3B82 /* PBXTargetDependency */ = {
			isa = PBXTargetDependency;
			target = 944A1A2A26D230BE004E3B82 /* test1 */;
			targetProxy = 944A1A4226D230C0004E3B82 /* PBXContainerItemProxy */;
		};
		944A1A4E26D230C0004E3B82 /* PBXTargetDependency */ = {
			isa = PBXTargetDependency;
			target = 944A1A2A26D230BE004E3B82 /* test1 */;
			targetProxy = 944A1A4D26D230C0004E3B82 /* PBXContainerItemProxy */;
		};
/* End PBXTargetDependency section */

/* Begin PBXVariantGroup section */
		944A1A3426D230BE004E3B82 /* Main.storyboard */ = {
			isa = PBXVariantGroup;
			children = (
				944A1A3526D230BE004E3B82 /* Base */,
			);
			name = Main.storyboard;
			sourceTree = "<group>";
		};
		944A1A3926D230C0004E3B82 /* LaunchScreen.storyboard */ = {
			isa = PBXVariantGroup;
			children = (
				944A1A3A26D230C0004E3B82 /* Base */,
			);
			name = LaunchScreen.storyboard;
			sourceTree = "<group>";
		};
/* End PBXVariantGroup section */

/* Begin XCBuildConfiguration section */
		944A1A5326D230C0004E3B82 /* Debug */ = {
			isa = XCBuildConfiguration;
			buildSettings = {
				ALWAYS_SEARCH_USER_PATHS = NO;
				CLANG_ANALYZER_NONNULL = YES;
				CLANG_ANALYZER_NUMBER_OBJECT_CONVERSION = YES_AGGRESSIVE;
				CLANG_CXX_LANGUAGE_STANDARD = "gnu++14";
				CLANG_CXX_LIBRARY = "libc++";
				CLANG_ENABLE_MODULES = YES;
				CLANG_ENABLE_OBJC_ARC = YES;
				CLANG_ENABLE_OBJC_WEAK = YES;
				CLANG_WARN_BLOCK_CAPTURE_AUTORELEASING = YES;
				CLANG_WARN_BOOL_CONVERSION = YES;
				CLANG_WARN_COMMA = YES;
				CLANG_WARN_CONSTANT_CONVERSION = YES;
				CLANG_WARN_DEPRECATED_OBJC_IMPLEMENTATIONS = YES;
				CLANG_WARN_DIRECT_OBJC_ISA_USAGE = YES_ERROR;
				CLANG_WARN_DOCUMENTATION_COMMENTS = YES;
				CLANG_WARN_EMPTY_BODY = YES;
				CLANG_WARN_ENUM_CONVERSION = YES;
				CLANG_WARN_INFINITE_RECURSION = YES;
				CLANG_WARN_INT_CONVERSION = YES;
				CLANG_WARN_NON_LITERAL_NULL_CONVERSION = YES;
				CLANG_WARN_OBJC_IMPLICIT_RETAIN_SELF = YES;
				CLANG_WARN_OBJC_LITERAL_CONVERSION = YES;
				CLANG_WARN_OBJC_ROOT_CLASS = YES_ERROR;
				CLANG_WARN_QUOTED_INCLUDE_IN_FRAMEWORK_HEADER = YES;
				CLANG_WARN_RANGE_LOOP_ANALYSIS = YES;
				CLANG_WARN_STRICT_PROTOTYPES = YES;
				CLANG_WARN_SUSPICIOUS_MOVE = YES;
				CLANG_WARN_UNGUARDED_AVAILABILITY = YES_AGGRESSIVE;
				CLANG_WARN_UNREACHABLE_CODE = YES;
				CLANG_WARN__DUPLICATE_METHOD_MATCH = YES;
				COPY_PHASE_STRIP = NO;
				DEBUG_INFORMATION_FORMAT = dwarf;
				ENABLE_STRICT_OBJC_MSGSEND = YES;
				ENABLE_TESTABILITY = YES;
				GCC_C_LANGUAGE_STANDARD = gnu11;
				GCC_DYNAMIC_NO_PIC = NO;
				GCC_NO_COMMON_BLOCKS = YES;
				GCC_OPTIMIZATION_LEVEL = 0;
				GCC_PREPROCESSOR_DEFINITIONS = (
					"DEBUG=1",
					"$(inherited)",
				);
				GCC_WARN_64_TO_32_BIT_CONVERSION = YES;
				GCC_WARN_ABOUT_RETURN_TYPE = YES_ERROR;
				GCC_WARN_UNDECLARED_SELECTOR = YES;
				GCC_WARN_UNINITIALIZED_AUTOS = YES_AGGRESSIVE;
				GCC_WARN_UNUSED_FUNCTION = YES;
				GCC_WARN_UNUSED_VARIABLE = YES;
				IPHONEOS_DEPLOYMENT_TARGET = 14.5;
				MTL_ENABLE_DEBUG_INFO = INCLUDE_SOURCE;
				MTL_FAST_MATH = YES;
				ONLY_ACTIVE_ARCH = YES;
				SDKROOT = iphoneos;
				SWIFT_ACTIVE_COMPILATION_CONDITIONS = DEBUG;
				SWIFT_OPTIMIZATION_LEVEL = "-Onone";
			};
			name = Debug;
		};
		944A1A5426D230C0004E3B82 /* Release */ = {
			isa = XCBuildConfiguration;
			buildSettings = {
				ALWAYS_SEARCH_USER_PATHS = NO;
				CLANG_ANALYZER_NONNULL = YES;
				CLANG_ANALYZER_NUMBER_OBJECT_CONVERSION = YES_AGGRESSIVE;
				CLANG_CXX_LANGUAGE_STANDARD = "gnu++14";
				CLANG_CXX_LIBRARY = "libc++";
				CLANG_ENABLE_MODULES = YES;
				CLANG_ENABLE_OBJC_ARC = YES;
				CLANG_ENABLE_OBJC_WEAK = YES;
				CLANG_WARN_BLOCK_CAPTURE_AUTORELEASING = YES;
				CLANG_WARN_BOOL_CONVERSION = YES;
				CLANG_WARN_COMMA = YES;
				CLANG_WARN_CONSTANT_CONVERSION = YES;
				CLANG_WARN_DEPRECATED_OBJC_IMPLEMENTATIONS = YES;
				CLANG_WARN_DIRECT_OBJC_ISA_USAGE = YES_ERROR;
				CLANG_WARN_DOCUMENTATION_COMMENTS = YES;
				CLANG_WARN_EMPTY_BODY = YES;
				CLANG_WARN_ENUM_CONVERSION = YES;
				CLANG_WARN_INFINITE_RECURSION = YES;
				CLANG_WARN_INT_CONVERSION = YES;
				CLANG_WARN_NON_LITERAL_NULL_CONVERSION = YES;
				CLANG_WARN_OBJC_IMPLICIT_RETAIN_SELF = YES;
				CLANG_WARN_OBJC_LITERAL_CONVERSION = YES;
				CLANG_WARN_OBJC_ROOT_CLASS = YES_ERROR;
				CLANG_WARN_QUOTED_INCLUDE_IN_FRAMEWORK_HEADER = YES;
				CLANG_WARN_RANGE_LOOP_ANALYSIS = YES;
				CLANG_WARN_STRICT_PROTOTYPES = YES;
				CLANG_WARN_SUSPICIOUS_MOVE = YES;
				CLANG_WARN_UNGUARDED_AVAILABILITY = YES_AGGRESSIVE;
				CLANG_WARN_UNREACHABLE_CODE = YES;
				CLANG_WARN__DUPLICATE_METHOD_MATCH = YES;
				COPY_PHASE_STRIP = NO;
				DEBUG_INFORMATION_FORMAT = "dwarf-with-dsym";
				ENABLE_NS_ASSERTIONS = NO;
				ENABLE_STRICT_OBJC_MSGSEND = YES;
				GCC_C_LANGUAGE_STANDARD = gnu11;
				GCC_NO_COMMON_BLOCKS = YES;
				GCC_WARN_64_TO_32_BIT_CONVERSION = YES;
				GCC_WARN_ABOUT_RETURN_TYPE = YES_ERROR;
				GCC_WARN_UNDECLARED_SELECTOR = YES;
				GCC_WARN_UNINITIALIZED_AUTOS = YES_AGGRESSIVE;
				GCC_WARN_UNUSED_FUNCTION = YES;
				GCC_WARN_UNUSED_VARIABLE = YES;
				IPHONEOS_DEPLOYMENT_TARGET = 14.5;
				MTL_ENABLE_DEBUG_INFO = NO;
				MTL_FAST_MATH = YES;
				SDKROOT = iphoneos;
				SWIFT_COMPILATION_MODE = wholemodule;
				SWIFT_OPTIMIZATION_LEVEL = "-O";
				VALIDATE_PRODUCT = YES;
			};
			name = Release;
		};
		944A1A5626D230C0004E3B82 /* Debug */ = {
			isa = XCBuildConfiguration;
			baseConfigurationReference = EC31AAAA0229AAD3BC9CF0D3 /* Pods-test1.debug.xcconfig */;
			buildSettings = {
				ASSETCATALOG_COMPILER_APPICON_NAME = AppIcon;
				ASSETCATALOG_COMPILER_GLOBAL_ACCENT_COLOR_NAME = AccentColor;
				CODE_SIGN_IDENTITY = "iPhone Developer";
				CODE_SIGN_STYLE = Manual;
				DEVELOPMENT_TEAM = "";
				INFOPLIST_FILE = test1/Info.plist;
				IPHONEOS_DEPLOYMENT_TARGET = 13.0;
				LD_RUNPATH_SEARCH_PATHS = (
					"$(inherited)",
					"@executable_path/Frameworks",
				);
				PRODUCT_BUNDLE_IDENTIFIER = com.jinhyuk.test1;
				PRODUCT_NAME = "$(TARGET_NAME)";
				PROVISIONING_PROFILE_SPECIFIER = "";
				SWIFT_VERSION = 5.0;
				TARGETED_DEVICE_FAMILY = "1,2";
			};
			name = Debug;
		};
		944A1A5726D230C0004E3B82 /* Release */ = {
			isa = XCBuildConfiguration;
			baseConfigurationReference = B5AC4693BE44508B277316A5 /* Pods-test1.release.xcconfig */;
			buildSettings = {
				ASSETCATALOG_COMPILER_APPICON_NAME = AppIcon;
				ASSETCATALOG_COMPILER_GLOBAL_ACCENT_COLOR_NAME = AccentColor;
				CODE_SIGN_IDENTITY = "iPhone Developer";
				CODE_SIGN_STYLE = Manual;
				DEVELOPMENT_TEAM = "";
				INFOPLIST_FILE = test1/Info.plist;
				IPHONEOS_DEPLOYMENT_TARGET = 13.0;
				LD_RUNPATH_SEARCH_PATHS = (
					"$(inherited)",
					"@executable_path/Frameworks",
				);
				PRODUCT_BUNDLE_IDENTIFIER = com.jinhyuk.test1;
				PRODUCT_NAME = "$(TARGET_NAME)";
				PROVISIONING_PROFILE_SPECIFIER = "";
				SWIFT_VERSION = 5.0;
				TARGETED_DEVICE_FAMILY = "1,2";
			};
			name = Release;
		};
		944A1A5926D230C0004E3B82 /* Debug */ = {
			isa = XCBuildConfiguration;
			baseConfigurationReference = 6F1E1973DA351C267B994695 /* Pods-test1Tests.debug.xcconfig */;
			buildSettings = {
				ALWAYS_EMBED_SWIFT_STANDARD_LIBRARIES = YES;
				BUNDLE_LOADER = "$(TEST_HOST)";
				CODE_SIGN_STYLE = Automatic;
				INFOPLIST_FILE = test1Tests/Info.plist;
				IPHONEOS_DEPLOYMENT_TARGET = 14.5;
				LD_RUNPATH_SEARCH_PATHS = (
					"$(inherited)",
					"@executable_path/Frameworks",
					"@loader_path/Frameworks",
				);
				PRODUCT_BUNDLE_IDENTIFIER = com.jinhtyuk.test1Tests;
				PRODUCT_NAME = "$(TARGET_NAME)";
				SWIFT_VERSION = 5.0;
				TARGETED_DEVICE_FAMILY = "1,2";
				TEST_HOST = "$(BUILT_PRODUCTS_DIR)/test1.app/test1";
			};
			name = Debug;
		};
		944A1A5A26D230C0004E3B82 /* Release */ = {
			isa = XCBuildConfiguration;
			baseConfigurationReference = F724D2FB3965D495183CD672 /* Pods-test1Tests.release.xcconfig */;
			buildSettings = {
				ALWAYS_EMBED_SWIFT_STANDARD_LIBRARIES = YES;
				BUNDLE_LOADER = "$(TEST_HOST)";
				CODE_SIGN_STYLE = Automatic;
				INFOPLIST_FILE = test1Tests/Info.plist;
				IPHONEOS_DEPLOYMENT_TARGET = 14.5;
				LD_RUNPATH_SEARCH_PATHS = (
					"$(inherited)",
					"@executable_path/Frameworks",
					"@loader_path/Frameworks",
				);
				PRODUCT_BUNDLE_IDENTIFIER = com.jinhtyuk.test1Tests;
				PRODUCT_NAME = "$(TARGET_NAME)";
				SWIFT_VERSION = 5.0;
				TARGETED_DEVICE_FAMILY = "1,2";
				TEST_HOST = "$(BUILT_PRODUCTS_DIR)/test1.app/test1";
			};
			name = Release;
		};
		944A1A5C26D230C0004E3B82 /* Debug */ = {
			isa = XCBuildConfiguration;
			baseConfigurationReference = FC003EEE131BFDE4584D8127 /* Pods-test1-test1UITests.debug.xcconfig */;
			buildSettings = {
				ALWAYS_EMBED_SWIFT_STANDARD_LIBRARIES = YES;
				CODE_SIGN_STYLE = Automatic;
				INFOPLIST_FILE = test1UITests/Info.plist;
				LD_RUNPATH_SEARCH_PATHS = (
					"$(inherited)",
					"@executable_path/Frameworks",
					"@loader_path/Frameworks",
				);
				PRODUCT_BUNDLE_IDENTIFIER = com.jinhtyuk.test1UITests;
				PRODUCT_NAME = "$(TARGET_NAME)";
				SWIFT_VERSION = 5.0;
				TARGETED_DEVICE_FAMILY = "1,2";
				TEST_TARGET_NAME = test1;
			};
			name = Debug;
		};
		944A1A5D26D230C0004E3B82 /* Release */ = {
			isa = XCBuildConfiguration;
			baseConfigurationReference = B329FDD59603FC7F75FB9D91 /* Pods-test1-test1UITests.release.xcconfig */;
			buildSettings = {
				ALWAYS_EMBED_SWIFT_STANDARD_LIBRARIES = YES;
				CODE_SIGN_STYLE = Automatic;
				INFOPLIST_FILE = test1UITests/Info.plist;
				LD_RUNPATH_SEARCH_PATHS = (
					"$(inherited)",
					"@executable_path/Frameworks",
					"@loader_path/Frameworks",
				);
				PRODUCT_BUNDLE_IDENTIFIER = com.jinhtyuk.test1UITests;
				PRODUCT_NAME = "$(TARGET_NAME)";
				SWIFT_VERSION = 5.0;
				TARGETED_DEVICE_FAMILY = "1,2";
				TEST_TARGET_NAME = test1;
			};
			name = Release;
		};
/* End XCBuildConfiguration section */

/* Begin XCConfigurationList section */
		944A1A2626D230BE004E3B82 /* Build configuration list for PBXProject "test1" */ = {
			isa = XCConfigurationList;
			buildConfigurations = (
				944A1A5326D230C0004E3B82 /* Debug */,
				944A1A5426D230C0004E3B82 /* Release */,
			);
			defaultConfigurationIsVisible = 0;
			defaultConfigurationName = Release;
		};
		944A1A5526D230C0004E3B82 /* Build configuration list for PBXNativeTarget "test1" */ = {
			isa = XCConfigurationList;
			buildConfigurations = (
				944A1A5626D230C0004E3B82 /* Debug */,
				944A1A5726D230C0004E3B82 /* Release */,
			);
			defaultConfigurationIsVisible = 0;
			defaultConfigurationName = Release;
		};
		944A1A5826D230C0004E3B82 /* Build configuration list for PBXNativeTarget "test1Tests" */ = {
			isa = XCConfigurationList;
			buildConfigurations = (
				944A1A5926D230C0004E3B82 /* Debug */,
				944A1A5A26D230C0004E3B82 /* Release */,
			);
			defaultConfigurationIsVisible = 0;
			defaultConfigurationName = Release;
		};
		944A1A5B26D230C0004E3B82 /* Build configuration list for PBXNativeTarget "test1UITests" */ = {
			isa = XCConfigurationList;
			buildConfigurations = (
				944A1A5C26D230C0004E3B82 /* Debug */,
				944A1A5D26D230C0004E3B82 /* Release */,
			);
			defaultConfigurationIsVisible = 0;
			defaultConfigurationName = Release;
		};
/* End XCConfigurationList section */
	};
	rootObject = 944A1A2326D230BE004E3B82 /* Project object */;
}
